// !$*UTF8*$!
{
	archiveVersion = 1;
	classes = {
	};
	objectVersion = 46;
	objects = {

/* Begin PBXBuildFile section */
		3BBAB35D19C16D4400E628BF /* Foundation.framework in Frameworks */ = {isa = PBXBuildFile; fileRef = 3BBAB35C19C16D4400E628BF /* Foundation.framework */; };
		3BBAB35F19C16D4400E628BF /* CoreGraphics.framework in Frameworks */ = {isa = PBXBuildFile; fileRef = 3BBAB35E19C16D4400E628BF /* CoreGraphics.framework */; };
		3BBAB36119C16D4400E628BF /* UIKit.framework in Frameworks */ = {isa = PBXBuildFile; fileRef = 3BBAB36019C16D4400E628BF /* UIKit.framework */; };
		3BBAB36719C16D4400E628BF /* InfoPlist.strings in Resources */ = {isa = PBXBuildFile; fileRef = 3BBAB36519C16D4400E628BF /* InfoPlist.strings */; };
		3BBAB36919C16D4400E628BF /* main.m in Sources */ = {isa = PBXBuildFile; fileRef = 3BBAB36819C16D4400E628BF /* main.m */; };
		3BBAB36D19C16D4400E628BF /* HelloWorldAppDelegate.m in Sources */ = {isa = PBXBuildFile; fileRef = 3BBAB36C19C16D4400E628BF /* HelloWorldAppDelegate.m */; };
		3BBAB36F19C16D4400E628BF /* Images.xcassets in Resources */ = {isa = PBXBuildFile; fileRef = 3BBAB36E19C16D4400E628BF /* Images.xcassets */; };
		3BBAB37619C16D4500E628BF /* XCTest.framework in Frameworks */ = {isa = PBXBuildFile; fileRef = 3BBAB37519C16D4500E628BF /* XCTest.framework */; };
		3BBAB37719C16D4500E628BF /* Foundation.framework in Frameworks */ = {isa = PBXBuildFile; fileRef = 3BBAB35C19C16D4400E628BF /* Foundation.framework */; };
		3BBAB37819C16D4500E628BF /* UIKit.framework in Frameworks */ = {isa = PBXBuildFile; fileRef = 3BBAB36019C16D4400E628BF /* UIKit.framework */; };
		3BBAB38019C16D4500E628BF /* InfoPlist.strings in Resources */ = {isa = PBXBuildFile; fileRef = 3BBAB37E19C16D4500E628BF /* InfoPlist.strings */; };
		3BBAB38219C16D4500E628BF /* HelloWorldTests.m in Sources */ = {isa = PBXBuildFile; fileRef = 3BBAB38119C16D4500E628BF /* HelloWorldTests.m */; };
		3BBAB38C19C1803000E628BF /* Main.storyboard in Resources */ = {isa = PBXBuildFile; fileRef = 3BBAB38B19C1803000E628BF /* Main.storyboard */; };
		3BBAB38E19C189F500E628BF /* IMG_1186.JPG in Resources */ = {isa = PBXBuildFile; fileRef = 3BBAB38D19C189F500E628BF /* IMG_1186.JPG */; };
/* End PBXBuildFile section */

/* Begin PBXContainerItemProxy section */
		3BBAB37919C16D4500E628BF /* PBXContainerItemProxy */ = {
			isa = PBXContainerItemProxy;
			containerPortal = 3BBAB35119C16D4400E628BF /* Project object */;
			proxyType = 1;
			remoteGlobalIDString = 3BBAB35819C16D4400E628BF;
			remoteInfo = HelloWorld;
		};
/* End PBXContainerItemProxy section */

/* Begin PBXFileReference section */
		3BBAB35919C16D4400E628BF /* HelloWorld.app */ = {isa = PBXFileReference; explicitFileType = wrapper.application; includeInIndex = 0; path = HelloWorld.app; sourceTree = BUILT_PRODUCTS_DIR; };
		3BBAB35C19C16D4400E628BF /* Foundation.framework */ = {isa = PBXFileReference; lastKnownFileType = wrapper.framework; name = Foundation.framework; path = System/Library/Frameworks/Foundation.framework; sourceTree = SDKROOT; };
		3BBAB35E19C16D4400E628BF /* CoreGraphics.framework */ = {isa = PBXFileReference; lastKnownFileType = wrapper.framework; name = CoreGraphics.framework; path = System/Library/Frameworks/CoreGraphics.framework; sourceTree = SDKROOT; };
		3BBAB36019C16D4400E628BF /* UIKit.framework */ = {isa = PBXFileReference; lastKnownFileType = wrapper.framework; name = UIKit.framework; path = System/Library/Frameworks/UIKit.framework; sourceTree = SDKROOT; };
		3BBAB36419C16D4400E628BF /* HelloWorld-Info.plist */ = {isa = PBXFileReference; lastKnownFileType = text.plist.xml; path = "HelloWorld-Info.plist"; sourceTree = "<group>"; };
		3BBAB36619C16D4400E628BF /* en */ = {isa = PBXFileReference; lastKnownFileType = text.plist.strings; name = en; path = en.lproj/InfoPlist.strings; sourceTree = "<group>"; };
		3BBAB36819C16D4400E628BF /* main.m */ = {isa = PBXFileReference; lastKnownFileType = sourcecode.c.objc; path = main.m; sourceTree = "<group>"; };
		3BBAB36A19C16D4400E628BF /* HelloWorld-Prefix.pch */ = {isa = PBXFileReference; lastKnownFileType = sourcecode.c.h; path = "HelloWorld-Prefix.pch"; sourceTree = "<group>"; };
		3BBAB36B19C16D4400E628BF /* HelloWorldAppDelegate.h */ = {isa = PBXFileReference; lastKnownFileType = sourcecode.c.h; path = HelloWorldAppDelegate.h; sourceTree = "<group>"; };
		3BBAB36C19C16D4400E628BF /* HelloWorldAppDelegate.m */ = {isa = PBXFileReference; lastKnownFileType = sourcecode.c.objc; path = HelloWorldAppDelegate.m; sourceTree = "<group>"; };
		3BBAB36E19C16D4400E628BF /* Images.xcassets */ = {isa = PBXFileReference; lastKnownFileType = folder.assetcatalog; path = Images.xcassets; sourceTree = "<group>"; };
		3BBAB37419C16D4500E628BF /* HelloWorldTests.xctest */ = {isa = PBXFileReference; explicitFileType = wrapper.cfbundle; includeInIndex = 0; path = HelloWorldTests.xctest; sourceTree = BUILT_PRODUCTS_DIR; };
		3BBAB37519C16D4500E628BF /* XCTest.framework */ = {isa = PBXFileReference; lastKnownFileType = wrapper.framework; name = XCTest.framework; path = Library/Frameworks/XCTest.framework; sourceTree = DEVELOPER_DIR; };
		3BBAB37D19C16D4500E628BF /* HelloWorldTests-Info.plist */ = {isa = PBXFileReference; lastKnownFileType = text.plist.xml; path = "HelloWorldTests-Info.plist"; sourceTree = "<group>"; };
		3BBAB37F19C16D4500E628BF /* en */ = {isa = PBXFileReference; lastKnownFileType = text.plist.strings; name = en; path = en.lproj/InfoPlist.strings; sourceTree = "<group>"; };
		3BBAB38119C16D4500E628BF /* HelloWorldTests.m */ = {isa = PBXFileReference; lastKnownFileType = sourcecode.c.objc; path = HelloWorldTests.m; sourceTree = "<group>"; };
		3BBAB38B19C1803000E628BF /* Main.storyboard */ = {isa = PBXFileReference; fileEncoding = 4; lastKnownFileType = file.storyboard; path = Main.storyboard; sourceTree = "<group>"; };
		3BBAB38D19C189F500E628BF /* IMG_1186.JPG */ = {isa = PBXFileReference; lastKnownFileType = image.jpeg; name = IMG_1186.JPG; path = ../../../Desktop/DCIM/phonepics/IMG_1186.JPG; sourceTree = "<group>"; };
/* End PBXFileReference section */

/* Begin PBXFrameworksBuildPhase section */
		3BBAB35619C16D4400E628BF /* Frameworks */ = {
			isa = PBXFrameworksBuildPhase;
			buildActionMask = 2147483647;
			files = (
				3BBAB35F19C16D4400E628BF /* CoreGraphics.framework in Frameworks */,
				3BBAB36119C16D4400E628BF /* UIKit.framework in Frameworks */,
				3BBAB35D19C16D4400E628BF /* Foundation.framework in Frameworks */,
			);
			runOnlyForDeploymentPostprocessing = 0;
		};
		3BBAB37119C16D4500E628BF /* Frameworks */ = {
			isa = PBXFrameworksBuildPhase;
			buildActionMask = 2147483647;
			files = (
				3BBAB37619C16D4500E628BF /* XCTest.framework in Frameworks */,
				3BBAB37819C16D4500E628BF /* UIKit.framework in Frameworks */,
				3BBAB37719C16D4500E628BF /* Foundation.framework in Frameworks */,
			);
			runOnlyForDeploymentPostprocessing = 0;
		};
/* End PBXFrameworksBuildPhase section */

/* Begin PBXGroup section */
		3BBAB35019C16D4400E628BF = {
			isa = PBXGroup;
			children = (
				3BBAB36219C16D4400E628BF /* HelloWorld */,
				3BBAB37B19C16D4500E628BF /* HelloWorldTests */,
				3BBAB35B19C16D4400E628BF /* Frameworks */,
				3BBAB35A19C16D4400E628BF /* Products */,
			);
			sourceTree = "<group>";
		};
		3BBAB35A19C16D4400E628BF /* Products */ = {
			isa = PBXGroup;
			children = (
				3BBAB35919C16D4400E628BF /* HelloWorld.app */,
				3BBAB37419C16D4500E628BF /* HelloWorldTests.xctest */,
			);
			name = Products;
			sourceTree = "<group>";
		};
		3BBAB35B19C16D4400E628BF /* Frameworks */ = {
			isa = PBXGroup;
			children = (
				3BBAB35C19C16D4400E628BF /* Foundation.framework */,
				3BBAB35E19C16D4400E628BF /* CoreGraphics.framework */,
				3BBAB36019C16D4400E628BF /* UIKit.framework */,
				3BBAB37519C16D4500E628BF /* XCTest.framework */,
			);
			name = Frameworks;
			sourceTree = "<group>";
		};
		3BBAB36219C16D4400E628BF /* HelloWorld */ = {
			isa = PBXGroup;
			children = (
				3BBAB38D19C189F500E628BF /* IMG_1186.JPG */,
				3BBAB36B19C16D4400E628BF /* HelloWorldAppDelegate.h */,
				3BBAB36C19C16D4400E628BF /* HelloWorldAppDelegate.m */,
				3BBAB38B19C1803000E628BF /* Main.storyboard */,
				3BBAB36E19C16D4400E628BF /* Images.xcassets */,
				3BBAB36319C16D4400E628BF /* Supporting Files */,
			);
			path = HelloWorld;
			sourceTree = "<group>";
		};
		3BBAB36319C16D4400E628BF /* Supporting Files */ = {
			isa = PBXGroup;
			children = (
				3BBAB36419C16D4400E628BF /* HelloWorld-Info.plist */,
				3BBAB36519C16D4400E628BF /* InfoPlist.strings */,
				3BBAB36819C16D4400E628BF /* main.m */,
				3BBAB36A19C16D4400E628BF /* HelloWorld-Prefix.pch */,
			);
			name = "Supporting Files";
			sourceTree = "<group>";
		};
		3BBAB37B19C16D4500E628BF /* HelloWorldTests */ = {
			isa = PBXGroup;
			children = (
				3BBAB38119C16D4500E628BF /* HelloWorldTests.m */,
				3BBAB37C19C16D4500E628BF /* Supporting Files */,
			);
			path = HelloWorldTests;
			sourceTree = "<group>";
		};
		3BBAB37C19C16D4500E628BF /* Supporting Files */ = {
			isa = PBXGroup;
			children = (
				3BBAB37D19C16D4500E628BF /* HelloWorldTests-Info.plist */,
				3BBAB37E19C16D4500E628BF /* InfoPlist.strings */,
			);
			name = "Supporting Files";
			sourceTree = "<group>";
		};
/* End PBXGroup section */

/* Begin PBXNativeTarget section */
		3BBAB35819C16D4400E628BF /* HelloWorld */ = {
			isa = PBXNativeTarget;
			buildConfigurationList = 3BBAB38519C16D4500E628BF /* Build configuration list for PBXNativeTarget "HelloWorld" */;
			buildPhases = (
				3BBAB35519C16D4400E628BF /* Sources */,
				3BBAB35619C16D4400E628BF /* Frameworks */,
				3BBAB35719C16D4400E628BF /* Resources */,
			);
			buildRules = (
			);
			dependencies = (
			);
			name = HelloWorld;
			productName = HelloWorld;
			productReference = 3BBAB35919C16D4400E628BF /* HelloWorld.app */;
			productType = "com.apple.product-type.application";
		};
		3BBAB37319C16D4500E628BF /* HelloWorldTests */ = {
			isa = PBXNativeTarget;
			buildConfigurationList = 3BBAB38819C16D4500E628BF /* Build configuration list for PBXNativeTarget "HelloWorldTests" */;
			buildPhases = (
				3BBAB37019C16D4500E628BF /* Sources */,
				3BBAB37119C16D4500E628BF /* Frameworks */,
				3BBAB37219C16D4500E628BF /* Resources */,
			);
			buildRules = (
			);
			dependencies = (
				3BBAB37A19C16D4500E628BF /* PBXTargetDependency */,
			);
			name = HelloWorldTests;
			productName = HelloWorldTests;
			productReference = 3BBAB37419C16D4500E628BF /* HelloWorldTests.xctest */;
			productType = "com.apple.product-type.bundle.unit-test";
		};
/* End PBXNativeTarget section */

/* Begin PBXProject section */
		3BBAB35119C16D4400E628BF /* Project object */ = {
			isa = PBXProject;
			attributes = {
				CLASSPREFIX = HelloWorld;
				LastUpgradeCheck = 0510;
				TargetAttributes = {
					3BBAB37319C16D4500E628BF = {
						TestTargetID = 3BBAB35819C16D4400E628BF;
					};
				};
			};
			buildConfigurationList = 3BBAB35419C16D4400E628BF /* Build configuration list for PBXProject "HelloWorld" */;
			compatibilityVersion = "Xcode 3.2";
			developmentRegion = English;
			hasScannedForEncodings = 0;
			knownRegions = (
				en,
			);
			mainGroup = 3BBAB35019C16D4400E628BF;
			productRefGroup = 3BBAB35A19C16D4400E628BF /* Products */;
			projectDirPath = "";
			projectRoot = "";
			targets = (
				3BBAB35819C16D4400E628BF /* HelloWorld */,
				3BBAB37319C16D4500E628BF /* HelloWorldTests */,
			);
		};
/* End PBXProject section */

/* Begin PBXResourcesBuildPhase section */
		3BBAB35719C16D4400E628BF /* Resources */ = {
			isa = PBXResourcesBuildPhase;
			buildActionMask = 2147483647;
			files = (
				3BBAB38C19C1803000E628BF /* Main.storyboard in Resources */,
				3BBAB36719C16D4400E628BF /* InfoPlist.strings in Resources */,
				3BBAB36F19C16D4400E628BF /* Images.xcassets in Resources */,
				3BBAB38E19C189F500E628BF /* IMG_1186.JPG in Resources */,
			);
			runOnlyForDeploymentPostprocessing = 0;
		};
		3BBAB37219C16D4500E628BF /* Resources */ = {
			isa = PBXResourcesBuildPhase;
			buildActionMask = 2147483647;
			files = (
				3BBAB38019C16D4500E628BF /* InfoPlist.strings in Resources */,
			);
			runOnlyForDeploymentPostprocessing = 0;
		};
/* End PBXResourcesBuildPhase section */

/* Begin PBXSourcesBuildPhase section */
		3BBAB35519C16D4400E628BF /* Sources */ = {
			isa = PBXSourcesBuildPhase;
			buildActionMask = 2147483647;
			files = (
				3BBAB36D19C16D4400E628BF /* HelloWorldAppDelegate.m in Sources */,
				3BBAB36919C16D4400E628BF /* main.m in Sources */,
			);
			runOnlyForDeploymentPostprocessing = 0;
		};
		3BBAB37019C16D4500E628BF /* Sources */ = {
			isa = PBXSourcesBuildPhase;
			buildActionMask = 2147483647;
			files = (
				3BBAB38219C16D4500E628BF /* HelloWorldTests.m in Sources */,
			);
			runOnlyForDeploymentPostprocessing = 0;
		};
/* End PBXSourcesBuildPhase section */

/* Begin PBXTargetDependency section */
		3BBAB37A19C16D4500E628BF /* PBXTargetDependency */ = {
			isa = PBXTargetDependency;
			target = 3BBAB35819C16D4400E628BF /* HelloWorld */;
			targetProxy = 3BBAB37919C16D4500E628BF /* PBXContainerItemProxy */;
		};
/* End PBXTargetDependency section */

/* Begin PBXVariantGroup section */
		3BBAB36519C16D4400E628BF /* InfoPlist.strings */ = {
			isa = PBXVariantGroup;
			children = (
				3BBAB36619C16D4400E628BF /* en */,
			);
			name = InfoPlist.strings;
			sourceTree = "<group>";
		};
		3BBAB37E19C16D4500E628BF /* InfoPlist.strings */ = {
			isa = PBXVariantGroup;
			children = (
				3BBAB37F19C16D4500E628BF /* en */,
			);
			name = InfoPlist.strings;
			sourceTree = "<group>";
		};
/* End PBXVariantGroup section */

/* Begin XCBuildConfiguration section */
		3BBAB38319C16D4500E628BF /* Debug */ = {
			isa = XCBuildConfiguration;
			buildSettings = {
				ALWAYS_SEARCH_USER_PATHS = NO;
				CLANG_CXX_LANGUAGE_STANDARD = "gnu++0x";
				CLANG_CXX_LIBRARY = "libc++";
				CLANG_ENABLE_MODULES = YES;
				CLANG_ENABLE_OBJC_ARC = YES;
				CLANG_WARN_BOOL_CONVERSION = YES;
				CLANG_WARN_CONSTANT_CONVERSION = YES;
				CLANG_WARN_DIRECT_OBJC_ISA_USAGE = YES_ERROR;
				CLANG_WARN_EMPTY_BODY = YES;
				CLANG_WARN_ENUM_CONVERSION = YES;
				CLANG_WARN_INT_CONVERSION = YES;
				CLANG_WARN_OBJC_ROOT_CLASS = YES_ERROR;
				CLANG_WARN__DUPLICATE_METHOD_MATCH = YES;
				"CODE_SIGN_IDENTITY[sdk=iphoneos*]" = "iPhone Developer";
				COPY_PHASE_STRIP = NO;
				GCC_C_LANGUAGE_STANDARD = gnu99;
				GCC_DYNAMIC_NO_PIC = NO;
				GCC_OPTIMIZATION_LEVEL = 0;
				GCC_PREPROCESSOR_DEFINITIONS = (
					"DEBUG=1",
					"$(inherited)",
				);
				GCC_SYMBOLS_PRIVATE_EXTERN = NO;
				GCC_WARN_64_TO_32_BIT_CONVERSION = YES;
				GCC_WARN_ABOUT_RETURN_TYPE = YES_ERROR;
				GCC_WARN_UNDECLARED_SELECTOR = YES;
				GCC_WARN_UNINITIALIZED_AUTOS = YES_AGGRESSIVE;
				GCC_WARN_UNUSED_FUNCTION = YES;
				GCC_WARN_UNUSED_VARIABLE = YES;
				IPHONEOS_DEPLOYMENT_TARGET = 7.1;
				ONLY_ACTIVE_ARCH = YES;
				SDKROOT = iphoneos;
			};
			name = Debug;
		};
		3BBAB38419C16D4500E628BF /* Release */ = {
			isa = XCBuildConfiguration;
			buildSettings = {
				ALWAYS_SEARCH_USER_PATHS = NO;
				CLANG_CXX_LANGUAGE_STANDARD = "gnu++0x";
				CLANG_CXX_LIBRARY = "libc++";
				CLANG_ENABLE_MODULES = YES;
				CLANG_ENABLE_OBJC_ARC = YES;
				CLANG_WARN_BOOL_CONVERSION = YES;
				CLANG_WARN_CONSTANT_CONVERSION = YES;
				CLANG_WARN_DIRECT_OBJC_ISA_USAGE = YES_ERROR;
				CLANG_WARN_EMPTY_BODY = YES;
				CLANG_WARN_ENUM_CONVERSION = YES;
				CLANG_WARN_INT_CONVERSION = YES;
				CLANG_WARN_OBJC_ROOT_CLASS = YES_ERROR;
				CLANG_WARN__DUPLICATE_METHOD_MATCH = YES;
				"CODE_SIGN_IDENTITY[sdk=iphoneos*]" = "iPhone Developer";
				COPY_PHASE_STRIP = YES;
				ENABLE_NS_ASSERTIONS = NO;
				GCC_C_LANGUAGE_STANDARD = gnu99;
				GCC_WARN_64_TO_32_BIT_CONVERSION = YES;
				GCC_WARN_ABOUT_RETURN_TYPE = YES_ERROR;
				GCC_WARN_UNDECLARED_SELECTOR = YES;
				GCC_WARN_UNINITIALIZED_AUTOS = YES_AGGRESSIVE;
				GCC_WARN_UNUSED_FUNCTION = YES;
				GCC_WARN_UNUSED_VARIABLE = YES;
				IPHONEOS_DEPLOYMENT_TARGET = 7.1;
				SDKROOT = iphoneos;
				VALIDATE_PRODUCT = YES;
			};
			name = Release;
		};
		3BBAB38619C16D4500E628BF /* Debug */ = {
			isa = XCBuildConfiguration;
			buildSettings = {
				ASSETCATALOG_COMPILER_APPICON_NAME = AppIcon;
				ASSETCATALOG_COMPILER_LAUNCHIMAGE_NAME = LaunchImage;
				GCC_PRECOMPILE_PREFIX_HEADER = YES;
				GCC_PREFIX_HEADER = "HelloWorld/HelloWorld-Prefix.pch";
				INFOPLIST_FILE = "HelloWorld/HelloWorld-Info.plist";
				PRODUCT_NAME = "$(TARGET_NAME)";
				WRAPPER_EXTENSION = app;
			};
			name = Debug;
		};
		3BBAB38719C16D4500E628BF /* Release */ = {
			isa = XCBuildConfiguration;
			buildSettings = {
				ASSETCATALOG_COMPILER_APPICON_NAME = AppIcon;
				ASSETCATALOG_COMPILER_LAUNCHIMAGE_NAME = LaunchImage;
				GCC_PRECOMPILE_PREFIX_HEADER = YES;
				GCC_PREFIX_HEADER = "HelloWorld/HelloWorld-Prefix.pch";
				INFOPLIST_FILE = "HelloWorld/HelloWorld-Info.plist";
				PRODUCT_NAME = "$(TARGET_NAME)";
				WRAPPER_EXTENSION = app;
			};
			name = Release;
		};
		3BBAB38919C16D4500E628BF /* Debug */ = {
			isa = XCBuildConfiguration;
			buildSettings = {
				BUNDLE_LOADER = "$(BUILT_PRODUCTS_DIR)/HelloWorld.app/HelloWorld";
				FRAMEWORK_SEARCH_PATHS = (
					"$(SDKROOT)/Developer/Library/Frameworks",
					"$(inherited)",
					"$(DEVELOPER_FRAMEWORKS_DIR)",
				);
				GCC_PRECOMPILE_PREFIX_HEADER = YES;
				GCC_PREFIX_HEADER = "HelloWorld/HelloWorld-Prefix.pch";
				GCC_PREPROCESSOR_DEFINITIONS = (
					"DEBUG=1",
					"$(inherited)",
				);
				INFOPLIST_FILE = "HelloWorldTests/HelloWorldTests-Info.plist";
				PRODUCT_NAME = "$(TARGET_NAME)";
				TEST_HOST = "$(BUNDLE_LOADER)";
				WRAPPER_EXTENSION = xctest;
			};
			name = Debug;
		};
		3BBAB38A19C16D4500E628BF /* Release */ = {
			isa = XCBuildConfiguration;
			buildSettings = {
				BUNDLE_LOADER = "$(BUILT_PRODUCTS_DIR)/HelloWorld.app/HelloWorld";
				FRAMEWORK_SEARCH_PATHS = (
					"$(SDKROOT)/Developer/Library/Frameworks",
					"$(inherited)",
					"$(DEVELOPER_FRAMEWORKS_DIR)",
				);
				GCC_PRECOMPILE_PREFIX_HEADER = YES;
				GCC_PREFIX_HEADER = "HelloWorld/HelloWorld-Prefix.pch";
				INFOPLIST_FILE = "HelloWorldTests/HelloWorldTests-Info.plist";
				PRODUCT_NAME = "$(TARGET_NAME)";
				TEST_HOST = "$(BUNDLE_LOADER)";
				WRAPPER_EXTENSION = xctest;
			};
			name = Release;
		};
/* End XCBuildConfiguration section */

/* Begin XCConfigurationList section */
		3BBAB35419C16D4400E628BF /* Build configuration list for PBXProject "HelloWorld" */ = {
			isa = XCConfigurationList;
			buildConfigurations = (
				3BBAB38319C16D4500E628BF /* Debug */,
				3BBAB38419C16D4500E628BF /* Release */,
			);
			defaultConfigurationIsVisible = 0;
			defaultConfigurationName = Release;
		};
		3BBAB38519C16D4500E628BF /* Build configuration list for PBXNativeTarget "HelloWorld" */ = {
			isa = XCConfigurationList;
			buildConfigurations = (
				3BBAB38619C16D4500E628BF /* Debug */,
				3BBAB38719C16D4500E628BF /* Release */,
			);
			defaultConfigurationIsVisible = 0;
		};
		3BBAB38819C16D4500E628BF /* Build configuration list for PBXNativeTarget "HelloWorldTests" */ = {
			isa = XCConfigurationList;
			buildConfigurations = (
				3BBAB38919C16D4500E628BF /* Debug */,
				3BBAB38A19C16D4500E628BF /* Release */,
			);
			defaultConfigurationIsVisible = 0;
		};
/* End XCConfigurationList section */
	};
	rootObject = 3BBAB35119C16D4400E628BF /* Project object */;
}
